
Microsoft Visual Studio Solution File, Format Version 12.00
# Visual Studio Version 16
VisualStudioVersion = 16.0.31005.135
MinimumVisualStudioVersion = 10.0.40219.1
Project("{FAE04EC0-301F-11D3-BF4B-00C04F79EFBC}") = "SkipList2020", "SkipList2020\SkipList2020.csproj", "{FB25E1EF-9F05-49BA-B241-2CAF2619C1C3}"
EndProject
Project("{FAE04EC0-301F-11D3-BF4B-00C04F79EFBC}") = "SkipListVsSortedList", "SkipListVsSortedList\SkipListVsSortedList.csproj", "{1FBCF818-8DBB-4D27-84FB-D3705ECBC2B8}"
EndProject
Project("{FAE04EC0-301F-11D3-BF4B-00C04F79EFBC}") = "UnitTestProject", "UnitTestProject\UnitTestProject.csproj", "{72B8DB48-1B15-4101-ADD1-6A9CB081C8D1}"
EndProject
Global
	GlobalSection(SolutionConfigurationPlatforms) = preSolution
		Debug|Any CPU = Debug|Any CPU
		Release|Any CPU = Release|Any CPU
	EndGlobalSection
	GlobalSection(ProjectConfigurationPlatforms) = postSolution
		{FB25E1EF-9F05-49BA-B241-2CAF2619C1C3}.Debug|Any CPU.ActiveCfg = Debug|Any CPU
		{FB25E1EF-9F05-49BA-B241-2CAF2619C1C3}.Debug|Any CPU.Build.0 = Debug|Any CPU
		{FB25E1EF-9F05-49BA-B241-2CAF2619C1C3}.Release|Any CPU.ActiveCfg = Release|Any CPU
		{FB25E1EF-9F05-49BA-B241-2CAF2619C1C3}.Release|Any CPU.Build.0 = Release|Any CPU
		{1FBCF818-8DBB-4D27-84FB-D3705ECBC2B8}.Debug|Any CPU.ActiveCfg = Debug|Any CPU
		{1FBCF818-8DBB-4D27-84FB-D3705ECBC2B8}.Debug|Any CPU.Build.0 = Debug|Any CPU
		{1FBCF818-8DBB-4D27-84FB-D3705ECBC2B8}.Release|Any CPU.ActiveCfg = Release|Any CPU
		{1FBCF818-8DBB-4D27-84FB-D3705ECBC2B8}.Release|Any CPU.Build.0 = Release|Any CPU
		{72B8DB48-1B15-4101-ADD1-6A9CB081C8D1}.Debug|Any CPU.ActiveCfg = Debug|Any CPU
		{72B8DB48-1B15-4101-ADD1-6A9CB081C8D1}.Debug|Any CPU.Build.0 = Debug|Any CPU
		{72B8DB48-1B15-4101-ADD1-6A9CB081C8D1}.Release|Any CPU.ActiveCfg = Release|Any CPU
		{72B8DB48-1B15-4101-ADD1-6A9CB081C8D1}.Release|Any CPU.Build.0 = Release|Any CPU
	EndGlobalSection
	GlobalSection(SolutionProperties) = preSolution
		HideSolutionNode = FALSE
	EndGlobalSection
	GlobalSection(ExtensibilityGlobals) = postSolution
		SolutionGuid = {26487A68-C95C-4CE0-ABB2-9A382D13D11D}
	EndGlobalSection
EndGlobal
